
Microsoft Visual Studio Solution File, Format Version 12.00
# Visual Studio Version 17
VisualStudioVersion = 17.10.34916.146
MinimumVisualStudioVersion = 10.0.40219.1
Project("{FAE04EC0-301F-11D3-BF4B-00C04F79EFBC}") = "SistemaGestionTransporteApi", "SistemaGestionTransporteApi\SistemaGestionTransporteApi.csproj", "{A683AA58-88FD-424E-98F2-7069EA3472E0}"
EndProject
Global
	GlobalSection(SolutionConfigurationPlatforms) = preSolution
		Debug|Any CPU = Debug|Any CPU
		Release|Any CPU = Release|Any CPU
	EndGlobalSection
	GlobalSection(ProjectConfigurationPlatforms) = postSolution
		{A683AA58-88FD-424E-98F2-7069EA3472E0}.Debug|Any CPU.ActiveCfg = Debug|Any CPU
		{A683AA58-88FD-424E-98F2-7069EA3472E0}.Debug|Any CPU.Build.0 = Debug|Any CPU
		{A683AA58-88FD-424E-98F2-7069EA3472E0}.Release|Any CPU.ActiveCfg = Release|Any CPU
		{A683AA58-88FD-424E-98F2-7069EA3472E0}.Release|Any CPU.Build.0 = Release|Any CPU
	EndGlobalSection
	GlobalSection(SolutionProperties) = preSolution
		HideSolutionNode = FALSE
	EndGlobalSection
	GlobalSection(ExtensibilityGlobals) = postSolution
		SolutionGuid = {960A6D23-C081-4C2A-843A-9A4D1A2E190A}
	EndGlobalSection
EndGlobal
